
Microsoft Visual Studio Solution File, Format Version 12.00
# Visual Studio Version 16
VisualStudioVersion = 16.0.30517.126
MinimumVisualStudioVersion = 10.0.40219.1
Project("{9A19103F-16F7-4668-BE54-9A1E7A4F7556}") = "Analogy.LogViewer.Log4jXml", "Analogy.LogViewer.Log4jXml\Analogy.LogViewer.Log4jXml.csproj", "{BF853F1B-62C3-4DAD-BA40-0D375BC3525A}"
EndProject
Project("{9A19103F-16F7-4668-BE54-9A1E7A4F7556}") = "Analogy.LogViewer.Log4jXml.UnitTests", "Analogy.LogViewer.Log4jXml.UnitTests\Analogy.LogViewer.Log4jXml.UnitTests.csproj", "{8764A885-FE7D-4EA6-A641-6038CA4592CA}"
EndProject
Global
	GlobalSection(SolutionConfigurationPlatforms) = preSolution
		Debug|Any CPU = Debug|Any CPU
		Release|Any CPU = Release|Any CPU
	EndGlobalSection
	GlobalSection(ProjectConfigurationPlatforms) = postSolution
		{BF853F1B-62C3-4DAD-BA40-0D375BC3525A}.Debug|Any CPU.ActiveCfg = Debug|Any CPU
		{BF853F1B-62C3-4DAD-BA40-0D375BC3525A}.Debug|Any CPU.Build.0 = Debug|Any CPU
		{BF853F1B-62C3-4DAD-BA40-0D375BC3525A}.Release|Any CPU.ActiveCfg = Release|Any CPU
		{BF853F1B-62C3-4DAD-BA40-0D375BC3525A}.Release|Any CPU.Build.0 = Release|Any CPU
		{8764A885-FE7D-4EA6-A641-6038CA4592CA}.Debug|Any CPU.ActiveCfg = Debug|Any CPU
		{8764A885-FE7D-4EA6-A641-6038CA4592CA}.Debug|Any CPU.Build.0 = Debug|Any CPU
		{8764A885-FE7D-4EA6-A641-6038CA4592CA}.Release|Any CPU.ActiveCfg = Release|Any CPU
		{8764A885-FE7D-4EA6-A641-6038CA4592CA}.Release|Any CPU.Build.0 = Release|Any CPU
	EndGlobalSection
	GlobalSection(SolutionProperties) = preSolution
		HideSolutionNode = FALSE
	EndGlobalSection
	GlobalSection(ExtensibilityGlobals) = postSolution
		SolutionGuid = {99C31ADF-5A25-4492-B3A4-70E35F0C4EEF}
	EndGlobalSection
EndGlobal
